{
  "requires": true,
  "lockfileVersion": 1,
  "dependencies": {
    "create-next-app": {
      "version": "9.4.4",
      "resolved": "https://registry.npmjs.org/create-next-app/-/create-next-app-9.4.4.tgz",
      "integrity": "sha512-67/3rIR3kT10OOvTJ/6xylmTF3u1Mf2nOhRm5toxBrJSQsApP+7ebjfHMeiRjwFB6M1M6UgBtAgmMkeX3JnQaw=="
    }
  }
}
